
Microsoft Visual Studio Solution File, Format Version 12.00
# Visual Studio Version 17
VisualStudioVersion = 17.11.35017.193
MinimumVisualStudioVersion = 10.0.40219.1
Project("{FAE04EC0-301F-11D3-BF4B-00C04F79EFBC}") = "Snakegame", "Snakegame\Snakegame.csproj", "{DBF5B273-8572-4E99-BF08-6FDAACD18375}"
EndProject
Global
	GlobalSection(SolutionConfigurationPlatforms) = preSolution
		Debug|Any CPU = Debug|Any CPU
		Release|Any CPU = Release|Any CPU
	EndGlobalSection
	GlobalSection(ProjectConfigurationPlatforms) = postSolution
		{DBF5B273-8572-4E99-BF08-6FDAACD18375}.Debug|Any CPU.ActiveCfg = Debug|Any CPU
		{DBF5B273-8572-4E99-BF08-6FDAACD18375}.Debug|Any CPU.Build.0 = Debug|Any CPU
		{DBF5B273-8572-4E99-BF08-6FDAACD18375}.Release|Any CPU.ActiveCfg = Release|Any CPU
		{DBF5B273-8572-4E99-BF08-6FDAACD18375}.Release|Any CPU.Build.0 = Release|Any CPU
	EndGlobalSection
	GlobalSection(SolutionProperties) = preSolution
		HideSolutionNode = FALSE
	EndGlobalSection
	GlobalSection(ExtensibilityGlobals) = postSolution
		SolutionGuid = {44E272C8-43E0-4125-8B88-A1C97FB7D261}
	EndGlobalSection
EndGlobal
